
Microsoft Visual Studio Solution File, Format Version 12.00
# Visual Studio 15
VisualStudioVersion = 15.0.28307.136
MinimumVisualStudioVersion = 10.0.40219.1
Project("{FAE04EC0-301F-11D3-BF4B-00C04F79EFBC}") = "java_mirror", "java_mirror\java_mirror.csproj", "{A03C933C-6C0B-4B2D-87D4-2F22A77C0FC0}"
EndProject
Global
	GlobalSection(SolutionConfigurationPlatforms) = preSolution
		Debug|Any CPU = Debug|Any CPU
		Release|Any CPU = Release|Any CPU
	EndGlobalSection
	GlobalSection(ProjectConfigurationPlatforms) = postSolution
		{A03C933C-6C0B-4B2D-87D4-2F22A77C0FC0}.Debug|Any CPU.ActiveCfg = Debug|Any CPU
		{A03C933C-6C0B-4B2D-87D4-2F22A77C0FC0}.Debug|Any CPU.Build.0 = Debug|Any CPU
		{A03C933C-6C0B-4B2D-87D4-2F22A77C0FC0}.Release|Any CPU.ActiveCfg = Release|Any CPU
		{A03C933C-6C0B-4B2D-87D4-2F22A77C0FC0}.Release|Any CPU.Build.0 = Release|Any CPU
	EndGlobalSection
	GlobalSection(SolutionProperties) = preSolution
		HideSolutionNode = FALSE
	EndGlobalSection
	GlobalSection(ExtensibilityGlobals) = postSolution
		SolutionGuid = {FF77EB5E-CE16-40A9-942B-870FA2B41F36}
	EndGlobalSection
EndGlobal
